Microsoft Visual Studio Solution File, Format Version 10.00
# Visual Studio 2008
Project("{8BC9CEB8-8B4A-11D0-8D11-00A0C91BC942}") = "pythonTST", "pythonTST.vcproj", "{A5208316-015E-4611-B812-6E2F7CCD33A2}"
EndProject
Global
	GlobalSection(SolutionConfigurationPlatforms) = preSolution
		Debug CRM|Win32 = Debug CRM|Win32
		Debug|Win32 = Debug|Win32
		Release CRM|Win32 = Release CRM|Win32
		Release|Win32 = Release|Win32
	EndGlobalSection
	GlobalSection(ProjectConfigurationPlatforms) = postSolution
		{A5208316-015E-4611-B812-6E2F7CCD33A2}.Debug CRM|Win32.ActiveCfg = Debug CRM|Win32
		{A5208316-015E-4611-B812-6E2F7CCD33A2}.Debug CRM|Win32.Build.0 = Debug CRM|Win32
		{A5208316-015E-4611-B812-6E2F7CCD33A2}.Debug|Win32.ActiveCfg = Debug|Win32
		{A5208316-015E-4611-B812-6E2F7CCD33A2}.Debug|Win32.Build.0 = Debug|Win32
		{A5208316-015E-4611-B812-6E2F7CCD33A2}.Release CRM|Win32.ActiveCfg = Release CRM|Win32
		{A5208316-015E-4611-B812-6E2F7CCD33A2}.Release CRM|Win32.Build.0 = Release CRM|Win32
		{A5208316-015E-4611-B812-6E2F7CCD33A2}.Release|Win32.ActiveCfg = Release|Win32
		{A5208316-015E-4611-B812-6E2F7CCD33A2}.Release|Win32.Build.0 = Release|Win32
	EndGlobalSection
	GlobalSection(SolutionProperties) = preSolution
		HideSolutionNode = FALSE
	EndGlobalSection
EndGlobal
